
Microsoft Visual Studio Solution File, Format Version 12.00
# Visual Studio 2015
Project("{FAE04EC0-301F-11D3-BF4B-00C04F79EFBC}") = "JonnyBadazzZombieSlayer", "JonnyBadazzZombieSlayer.csproj", "{89D6F88A-A001-7DDA-479F-B8F376FB412F}"
EndProject
Project("{FAE04EC0-301F-11D3-BF4B-00C04F79EFBC}") = "JonnyBadazzZombieSlayer.Editor", "JonnyBadazzZombieSlayer.Editor.csproj", "{96A40B42-0928-B481-A3E7-1B3E76D51FDE}"
EndProject
Global
	GlobalSection(SolutionConfigurationPlatforms) = preSolution
		Debug|Any CPU = Debug|Any CPU
		Release|Any CPU = Release|Any CPU
	EndGlobalSection
	GlobalSection(ProjectConfigurationPlatforms) = postSolution
		{89D6F88A-A001-7DDA-479F-B8F376FB412F}.Debug|Any CPU.ActiveCfg = Debug|Any CPU
		{89D6F88A-A001-7DDA-479F-B8F376FB412F}.Debug|Any CPU.Build.0 = Debug|Any CPU
		{89D6F88A-A001-7DDA-479F-B8F376FB412F}.Release|Any CPU.ActiveCfg = Release|Any CPU
		{89D6F88A-A001-7DDA-479F-B8F376FB412F}.Release|Any CPU.Build.0 = Release|Any CPU
		{96A40B42-0928-B481-A3E7-1B3E76D51FDE}.Debug|Any CPU.ActiveCfg = Debug|Any CPU
		{96A40B42-0928-B481-A3E7-1B3E76D51FDE}.Debug|Any CPU.Build.0 = Debug|Any CPU
		{96A40B42-0928-B481-A3E7-1B3E76D51FDE}.Release|Any CPU.ActiveCfg = Release|Any CPU
		{96A40B42-0928-B481-A3E7-1B3E76D51FDE}.Release|Any CPU.Build.0 = Release|Any CPU
	EndGlobalSection
	GlobalSection(SolutionProperties) = preSolution
		HideSolutionNode = FALSE
	EndGlobalSection
EndGlobal
